
Microsoft Visual Studio Solution File, Format Version 12.00
# Visual Studio Version 17
VisualStudioVersion = 17.0.31903.59
MinimumVisualStudioVersion = 10.0.40219.1
Project("{2150E333-8FDC-42A3-9474-1A3956D46DE8}") = "src", "src", "{06EBC48E-04E7-4F17-A826-EE1B4EA1C2C3}"
EndProject
Project("{FAE04EC0-301F-11D3-BF4B-00C04F79EFBC}") = "BeatEcoprove.Api", "src\BeatEcoprove.Api\BeatEcoprove.Api.csproj", "{89D71AF1-FE63-4551-B8AC-5D6562FC0BE1}"
EndProject
Project("{FAE04EC0-301F-11D3-BF4B-00C04F79EFBC}") = "BeatEcoprove.Application", "src\BeatEcoprove.Application\BeatEcoprove.Application.csproj", "{8DB56CC8-71F6-4500-A117-8728EBCA3407}"
EndProject
Project("{FAE04EC0-301F-11D3-BF4B-00C04F79EFBC}") = "BeatEcoprove.Contracts", "src\BeatEcoprove.Contracts\BeatEcoprove.Contracts.csproj", "{66F94728-4426-423A-BDB4-1607F3FEAA19}"
EndProject
Project("{FAE04EC0-301F-11D3-BF4B-00C04F79EFBC}") = "BeatEcoprove.Domain", "src\BeatEcoprove.Domain\BeatEcoprove.Domain.csproj", "{1CF400F4-98DD-4AAB-953D-9AB2D8F6BEE1}"
EndProject
Project("{FAE04EC0-301F-11D3-BF4B-00C04F79EFBC}") = "BeatEcoprove.Infrastructure", "src\BeatEcoprove.Infrastructure\BeatEcoprove.Infrastructure.csproj", "{6A66BFC5-C37C-48F5-BE8C-66490DB0BC87}"
EndProject
Project("{2150E333-8FDC-42A3-9474-1A3956D46DE8}") = "tests", "tests", "{E0DDA3A9-400B-437C-8FC4-0B9EDBD09C3A}"
EndProject
Project("{FAE04EC0-301F-11D3-BF4B-00C04F79EFBC}") = "BeatEcoprove.Application.Tests", "tests\BeatEcoprove.Application.Tests\BeatEcoprove.Application.Tests.csproj", "{44030527-002C-4AB8-B64A-BDDB13D4BC38}"
EndProject
Global
	GlobalSection(SolutionConfigurationPlatforms) = preSolution
		Debug|Any CPU = Debug|Any CPU
		Release|Any CPU = Release|Any CPU
	EndGlobalSection
	GlobalSection(ProjectConfigurationPlatforms) = postSolution
		{89D71AF1-FE63-4551-B8AC-5D6562FC0BE1}.Debug|Any CPU.ActiveCfg = Debug|Any CPU
		{89D71AF1-FE63-4551-B8AC-5D6562FC0BE1}.Debug|Any CPU.Build.0 = Debug|Any CPU
		{89D71AF1-FE63-4551-B8AC-5D6562FC0BE1}.Release|Any CPU.ActiveCfg = Release|Any CPU
		{89D71AF1-FE63-4551-B8AC-5D6562FC0BE1}.Release|Any CPU.Build.0 = Release|Any CPU
		{8DB56CC8-71F6-4500-A117-8728EBCA3407}.Debug|Any CPU.ActiveCfg = Debug|Any CPU
		{8DB56CC8-71F6-4500-A117-8728EBCA3407}.Debug|Any CPU.Build.0 = Debug|Any CPU
		{8DB56CC8-71F6-4500-A117-8728EBCA3407}.Release|Any CPU.ActiveCfg = Release|Any CPU
		{8DB56CC8-71F6-4500-A117-8728EBCA3407}.Release|Any CPU.Build.0 = Release|Any CPU
		{66F94728-4426-423A-BDB4-1607F3FEAA19}.Debug|Any CPU.ActiveCfg = Debug|Any CPU
		{66F94728-4426-423A-BDB4-1607F3FEAA19}.Debug|Any CPU.Build.0 = Debug|Any CPU
		{66F94728-4426-423A-BDB4-1607F3FEAA19}.Release|Any CPU.ActiveCfg = Release|Any CPU
		{66F94728-4426-423A-BDB4-1607F3FEAA19}.Release|Any CPU.Build.0 = Release|Any CPU
		{1CF400F4-98DD-4AAB-953D-9AB2D8F6BEE1}.Debug|Any CPU.ActiveCfg = Debug|Any CPU
		{1CF400F4-98DD-4AAB-953D-9AB2D8F6BEE1}.Debug|Any CPU.Build.0 = Debug|Any CPU
		{1CF400F4-98DD-4AAB-953D-9AB2D8F6BEE1}.Release|Any CPU.ActiveCfg = Release|Any CPU
		{1CF400F4-98DD-4AAB-953D-9AB2D8F6BEE1}.Release|Any CPU.Build.0 = Release|Any CPU
		{6A66BFC5-C37C-48F5-BE8C-66490DB0BC87}.Debug|Any CPU.ActiveCfg = Debug|Any CPU
		{6A66BFC5-C37C-48F5-BE8C-66490DB0BC87}.Debug|Any CPU.Build.0 = Debug|Any CPU
		{6A66BFC5-C37C-48F5-BE8C-66490DB0BC87}.Release|Any CPU.ActiveCfg = Release|Any CPU
		{6A66BFC5-C37C-48F5-BE8C-66490DB0BC87}.Release|Any CPU.Build.0 = Release|Any CPU
		{44030527-002C-4AB8-B64A-BDDB13D4BC38}.Debug|Any CPU.ActiveCfg = Debug|Any CPU
		{44030527-002C-4AB8-B64A-BDDB13D4BC38}.Debug|Any CPU.Build.0 = Debug|Any CPU
		{44030527-002C-4AB8-B64A-BDDB13D4BC38}.Release|Any CPU.ActiveCfg = Release|Any CPU
		{44030527-002C-4AB8-B64A-BDDB13D4BC38}.Release|Any CPU.Build.0 = Release|Any CPU
	EndGlobalSection
	GlobalSection(SolutionProperties) = preSolution
		HideSolutionNode = FALSE
	EndGlobalSection
	GlobalSection(NestedProjects) = preSolution
		{89D71AF1-FE63-4551-B8AC-5D6562FC0BE1} = {06EBC48E-04E7-4F17-A826-EE1B4EA1C2C3}
		{8DB56CC8-71F6-4500-A117-8728EBCA3407} = {06EBC48E-04E7-4F17-A826-EE1B4EA1C2C3}
		{66F94728-4426-423A-BDB4-1607F3FEAA19} = {06EBC48E-04E7-4F17-A826-EE1B4EA1C2C3}
		{1CF400F4-98DD-4AAB-953D-9AB2D8F6BEE1} = {06EBC48E-04E7-4F17-A826-EE1B4EA1C2C3}
		{6A66BFC5-C37C-48F5-BE8C-66490DB0BC87} = {06EBC48E-04E7-4F17-A826-EE1B4EA1C2C3}
		{44030527-002C-4AB8-B64A-BDDB13D4BC38} = {E0DDA3A9-400B-437C-8FC4-0B9EDBD09C3A}
	EndGlobalSection
	GlobalSection(ExtensibilityGlobals) = postSolution
		SolutionGuid = {2C925D99-83BF-40C3-81A5-8A0F921E819D}
	EndGlobalSection
EndGlobal
